// !$*UTF8*$!
{
	archiveVersion = 1;
	classes = {
	};
	objectVersion = 46;
	objects = {

/* Begin PBXBuildFile section */
		424709DE1E6F1DCD0034CE59 /* AppDelegate.swift in Sources */ = {isa = PBXBuildFile; fileRef = 424709DD1E6F1DCD0034CE59 /* AppDelegate.swift */; };
		424709E51E6F1DCD0034CE59 /* Main.storyboard in Resources */ = {isa = PBXBuildFile; fileRef = 424709E31E6F1DCD0034CE59 /* Main.storyboard */; };
		424709E71E6F1DCD0034CE59 /* Assets.xcassets in Resources */ = {isa = PBXBuildFile; fileRef = 424709E61E6F1DCD0034CE59 /* Assets.xcassets */; };
		424709EA1E6F1DCD0034CE59 /* LaunchScreen.storyboard in Resources */ = {isa = PBXBuildFile; fileRef = 424709E81E6F1DCD0034CE59 /* LaunchScreen.storyboard */; };
		424709F21E6F28F20034CE59 /* ActivityTableViewController.swift in Sources */ = {isa = PBXBuildFile; fileRef = 424709F11E6F28F20034CE59 /* ActivityTableViewController.swift */; };
		424709FA1E6F42840034CE59 /* YourPetsCollectionViewController.swift in Sources */ = {isa = PBXBuildFile; fileRef = 424709F91E6F42840034CE59 /* YourPetsCollectionViewController.swift */; };
		424709FC1E6F42E20034CE59 /* NewEventTableViewController.swift in Sources */ = {isa = PBXBuildFile; fileRef = 424709FB1E6F42E20034CE59 /* NewEventTableViewController.swift */; };
		424709FE1E6F55B40034CE59 /* Pet.swift in Sources */ = {isa = PBXBuildFile; fileRef = 424709FD1E6F55B40034CE59 /* Pet.swift */; };
		42470A001E6F650F0034CE59 /* NewPetTableViewController.swift in Sources */ = {isa = PBXBuildFile; fileRef = 424709FF1E6F650F0034CE59 /* NewPetTableViewController.swift */; };
		42470A021E71E97E0034CE59 /* AnimalPickerTableViewController.swift in Sources */ = {isa = PBXBuildFile; fileRef = 42470A011E71E97E0034CE59 /* AnimalPickerTableViewController.swift */; };
		42470A081E71FF670034CE59 /* YourPetViewCell.swift in Sources */ = {isa = PBXBuildFile; fileRef = 42470A071E71FF670034CE59 /* YourPetViewCell.swift */; };
/* End PBXBuildFile section */

/* Begin PBXFileReference section */
		424709DA1E6F1DCD0034CE59 /* LucyPet.app */ = {isa = PBXFileReference; explicitFileType = wrapper.application; includeInIndex = 0; path = LucyPet.app; sourceTree = BUILT_PRODUCTS_DIR; };
		424709DD1E6F1DCD0034CE59 /* AppDelegate.swift */ = {isa = PBXFileReference; lastKnownFileType = sourcecode.swift; path = AppDelegate.swift; sourceTree = "<group>"; };
		424709E41E6F1DCD0034CE59 /* Base */ = {isa = PBXFileReference; lastKnownFileType = file.storyboard; name = Base; path = Base.lproj/Main.storyboard; sourceTree = "<group>"; };
		424709E61E6F1DCD0034CE59 /* Assets.xcassets */ = {isa = PBXFileReference; lastKnownFileType = folder.assetcatalog; path = Assets.xcassets; sourceTree = "<group>"; };
		424709E91E6F1DCD0034CE59 /* Base */ = {isa = PBXFileReference; lastKnownFileType = file.storyboard; name = Base; path = Base.lproj/LaunchScreen.storyboard; sourceTree = "<group>"; };
		424709EB1E6F1DCD0034CE59 /* Info.plist */ = {isa = PBXFileReference; lastKnownFileType = text.plist.xml; path = Info.plist; sourceTree = "<group>"; };
		424709F11E6F28F20034CE59 /* ActivityTableViewController.swift */ = {isa = PBXFileReference; fileEncoding = 4; lastKnownFileType = sourcecode.swift; path = ActivityTableViewController.swift; sourceTree = "<group>"; };
		424709F91E6F42840034CE59 /* YourPetsCollectionViewController.swift */ = {isa = PBXFileReference; fileEncoding = 4; lastKnownFileType = sourcecode.swift; path = YourPetsCollectionViewController.swift; sourceTree = "<group>"; };
		424709FB1E6F42E20034CE59 /* NewEventTableViewController.swift */ = {isa = PBXFileReference; fileEncoding = 4; lastKnownFileType = sourcecode.swift; path = NewEventTableViewController.swift; sourceTree = "<group>"; };
		424709FD1E6F55B40034CE59 /* Pet.swift */ = {isa = PBXFileReference; fileEncoding = 4; lastKnownFileType = sourcecode.swift; path = Pet.swift; sourceTree = "<group>"; };
		424709FF1E6F650F0034CE59 /* NewPetTableViewController.swift */ = {isa = PBXFileReference; fileEncoding = 4; lastKnownFileType = sourcecode.swift; path = NewPetTableViewController.swift; sourceTree = "<group>"; };
		42470A011E71E97E0034CE59 /* AnimalPickerTableViewController.swift */ = {isa = PBXFileReference; fileEncoding = 4; lastKnownFileType = sourcecode.swift; path = AnimalPickerTableViewController.swift; sourceTree = "<group>"; };
		42470A071E71FF670034CE59 /* YourPetViewCell.swift */ = {isa = PBXFileReference; fileEncoding = 4; lastKnownFileType = sourcecode.swift; path = YourPetViewCell.swift; sourceTree = "<group>"; };
/* End PBXFileReference section */

/* Begin PBXFrameworksBuildPhase section */
		424709D71E6F1DCC0034CE59 /* Frameworks */ = {
			isa = PBXFrameworksBuildPhase;
			buildActionMask = 2147483647;
			files = (
			);
			runOnlyForDeploymentPostprocessing = 0;
		};
/* End PBXFrameworksBuildPhase section */

/* Begin PBXGroup section */
		424709D11E6F1DCC0034CE59 = {
			isa = PBXGroup;
			children = (
				424709DC1E6F1DCD0034CE59 /* LucyPet */,
				424709DB1E6F1DCD0034CE59 /* Products */,
			);
			sourceTree = "<group>";
		};
		424709DB1E6F1DCD0034CE59 /* Products */ = {
			isa = PBXGroup;
			children = (
				424709DA1E6F1DCD0034CE59 /* LucyPet.app */,
			);
			name = Products;
			sourceTree = "<group>";
		};
		424709DC1E6F1DCD0034CE59 /* LucyPet */ = {
			isa = PBXGroup;
			children = (
				424709DD1E6F1DCD0034CE59 /* AppDelegate.swift */,
				424709E31E6F1DCD0034CE59 /* Main.storyboard */,
				424709E61E6F1DCD0034CE59 /* Assets.xcassets */,
				424709E81E6F1DCD0034CE59 /* LaunchScreen.storyboard */,
				424709EB1E6F1DCD0034CE59 /* Info.plist */,
				424709F11E6F28F20034CE59 /* ActivityTableViewController.swift */,
				424709F91E6F42840034CE59 /* YourPetsCollectionViewController.swift */,
				424709FB1E6F42E20034CE59 /* NewEventTableViewController.swift */,
				424709FD1E6F55B40034CE59 /* Pet.swift */,
				424709FF1E6F650F0034CE59 /* NewPetTableViewController.swift */,
				42470A011E71E97E0034CE59 /* AnimalPickerTableViewController.swift */,
				42470A071E71FF670034CE59 /* YourPetViewCell.swift */,
			);
			path = LucyPet;
			sourceTree = "<group>";
		};
/* End PBXGroup section */

/* Begin PBXNativeTarget section */
		424709D91E6F1DCC0034CE59 /* LucyPet */ = {
			isa = PBXNativeTarget;
			buildConfigurationList = 424709EE1E6F1DCD0034CE59 /* Build configuration list for PBXNativeTarget "LucyPet" */;
			buildPhases = (
				424709D61E6F1DCC0034CE59 /* Sources */,
				424709D71E6F1DCC0034CE59 /* Frameworks */,
				424709D81E6F1DCC0034CE59 /* Resources */,
			);
			buildRules = (
			);
			dependencies = (
			);
			name = LucyPet;
			productName = LucyPet;
			productReference = 424709DA1E6F1DCD0034CE59 /* LucyPet.app */;
			productType = "com.apple.product-type.application";
		};
/* End PBXNativeTarget section */

/* Begin PBXProject section */
		424709D21E6F1DCC0034CE59 /* Project object */ = {
			isa = PBXProject;
			attributes = {
				LastSwiftUpdateCheck = 0820;
				LastUpgradeCheck = 0820;
				ORGANIZATIONNAME = "Jahna Goldman";
				TargetAttributes = {
					424709D91E6F1DCC0034CE59 = {
						CreatedOnToolsVersion = 8.2.1;
						ProvisioningStyle = Automatic;
					};
				};
			};
			buildConfigurationList = 424709D51E6F1DCC0034CE59 /* Build configuration list for PBXProject "LucyPet" */;
			compatibilityVersion = "Xcode 3.2";
			developmentRegion = English;
			hasScannedForEncodings = 0;
			knownRegions = (
				en,
				Base,
			);
			mainGroup = 424709D11E6F1DCC0034CE59;
			productRefGroup = 424709DB1E6F1DCD0034CE59 /* Products */;
			projectDirPath = "";
			projectRoot = "";
			targets = (
				424709D91E6F1DCC0034CE59 /* LucyPet */,
			);
		};
/* End PBXProject section */

/* Begin PBXResourcesBuildPhase section */
		424709D81E6F1DCC0034CE59 /* Resources */ = {
			isa = PBXResourcesBuildPhase;
			buildActionMask = 2147483647;
			files = (
				424709EA1E6F1DCD0034CE59 /* LaunchScreen.storyboard in Resources */,
				424709E71E6F1DCD0034CE59 /* Assets.xcassets in Resources */,
				424709E51E6F1DCD0034CE59 /* Main.storyboard in Resources */,
			);
			runOnlyForDeploymentPostprocessing = 0;
		};
/* End PBXResourcesBuildPhase section */

/* Begin PBXSourcesBuildPhase section */
		424709D61E6F1DCC0034CE59 /* Sources */ = {
			isa = PBXSourcesBuildPhase;
			buildActionMask = 2147483647;
			files = (
				42470A001E6F650F0034CE59 /* NewPetTableViewController.swift in Sources */,
				424709FE1E6F55B40034CE59 /* Pet.swift in Sources */,
				424709DE1E6F1DCD0034CE59 /* AppDelegate.swift in Sources */,
				42470A081E71FF670034CE59 /* YourPetViewCell.swift in Sources */,
				424709FC1E6F42E20034CE59 /* NewEventTableViewController.swift in Sources */,
				42470A021E71E97E0034CE59 /* AnimalPickerTableViewController.swift in Sources */,
				424709F21E6F28F20034CE59 /* ActivityTableViewController.swift in Sources */,
				424709FA1E6F42840034CE59 /* YourPetsCollectionViewController.swift in Sources */,
			);
			runOnlyForDeploymentPostprocessing = 0;
		};
/* End PBXSourcesBuildPhase section */

/* Begin PBXVariantGroup section */
		424709E31E6F1DCD0034CE59 /* Main.storyboard */ = {
			isa = PBXVariantGroup;
			children = (
				424709E41E6F1DCD0034CE59 /* Base */,
			);
			name = Main.storyboard;
			sourceTree = "<group>";
		};
		424709E81E6F1DCD0034CE59 /* LaunchScreen.storyboard */ = {
			isa = PBXVariantGroup;
			children = (
				424709E91E6F1DCD0034CE59 /* Base */,
			);
			name = LaunchScreen.storyboard;
			sourceTree = "<group>";
		};
/* End PBXVariantGroup section */

/* Begin XCBuildConfiguration section */
		424709EC1E6F1DCD0034CE59 /* Debug */ = {
			isa = XCBuildConfiguration;
			buildSettings = {
				ALWAYS_SEARCH_USER_PATHS = NO;
				CLANG_ANALYZER_NONNULL = YES;
				CLANG_CXX_LANGUAGE_STANDARD = "gnu++0x";
				CLANG_CXX_LIBRARY = "libc++";
				CLANG_ENABLE_MODULES = YES;
				CLANG_ENABLE_OBJC_ARC = YES;
				CLANG_WARN_BOOL_CONVERSION = YES;
				CLANG_WARN_CONSTANT_CONVERSION = YES;
				CLANG_WARN_DIRECT_OBJC_ISA_USAGE = YES_ERROR;
				CLANG_WARN_DOCUMENTATION_COMMENTS = YES;
				CLANG_WARN_EMPTY_BODY = YES;
				CLANG_WARN_ENUM_CONVERSION = YES;
				CLANG_WARN_INFINITE_RECURSION = YES;
				CLANG_WARN_INT_CONVERSION = YES;
				CLANG_WARN_OBJC_ROOT_CLASS = YES_ERROR;
				CLANG_WARN_SUSPICIOUS_MOVE = YES;
				CLANG_WARN_UNREACHABLE_CODE = YES;
				CLANG_WARN__DUPLICATE_METHOD_MATCH = YES;
				"CODE_SIGN_IDENTITY[sdk=iphoneos*]" = "iPhone Developer";
				COPY_PHASE_STRIP = NO;
				DEBUG_INFORMATION_FORMAT = dwarf;
				ENABLE_STRICT_OBJC_MSGSEND = YES;
				ENABLE_TESTABILITY = YES;
				GCC_C_LANGUAGE_STANDARD = gnu99;
				GCC_DYNAMIC_NO_PIC = NO;
				GCC_NO_COMMON_BLOCKS = YES;
				GCC_OPTIMIZATION_LEVEL = 0;
				GCC_PREPROCESSOR_DEFINITIONS = (
					"DEBUG=1",
					"$(inherited)",
				);
				GCC_WARN_64_TO_32_BIT_CONVERSION = YES;
				GCC_WARN_ABOUT_RETURN_TYPE = YES_ERROR;
				GCC_WARN_UNDECLARED_SELECTOR = YES;
				GCC_WARN_UNINITIALIZED_AUTOS = YES_AGGRESSIVE;
				GCC_WARN_UNUSED_FUNCTION = YES;
				GCC_WARN_UNUSED_VARIABLE = YES;
				IPHONEOS_DEPLOYMENT_TARGET = 10.2;
				MTL_ENABLE_DEBUG_INFO = YES;
				ONLY_ACTIVE_ARCH = YES;
				SDKROOT = iphoneos;
				SWIFT_ACTIVE_COMPILATION_CONDITIONS = DEBUG;
				SWIFT_OPTIMIZATION_LEVEL = "-Onone";
				TARGETED_DEVICE_FAMILY = "1,2";
			};
			name = Debug;
		};
		424709ED1E6F1DCD0034CE59 /* Release */ = {
			isa = XCBuildConfiguration;
			buildSettings = {
				ALWAYS_SEARCH_USER_PATHS = NO;
				CLANG_ANALYZER_NONNULL = YES;
				CLANG_CXX_LANGUAGE_STANDARD = "gnu++0x";
				CLANG_CXX_LIBRARY = "libc++";
				CLANG_ENABLE_MODULES = YES;
				CLANG_ENABLE_OBJC_ARC = YES;
				CLANG_WARN_BOOL_CONVERSION = YES;
				CLANG_WARN_CONSTANT_CONVERSION = YES;
				CLANG_WARN_DIRECT_OBJC_ISA_USAGE = YES_ERROR;
				CLANG_WARN_DOCUMENTATION_COMMENTS = YES;
				CLANG_WARN_EMPTY_BODY = YES;
				CLANG_WARN_ENUM_CONVERSION = YES;
				CLANG_WARN_INFINITE_RECURSION = YES;
				CLANG_WARN_INT_CONVERSION = YES;
				CLANG_WARN_OBJC_ROOT_CLASS = YES_ERROR;
				CLANG_WARN_SUSPICIOUS_MOVE = YES;
				CLANG_WARN_UNREACHABLE_CODE = YES;
				CLANG_WARN__DUPLICATE_METHOD_MATCH = YES;
				"CODE_SIGN_IDENTITY[sdk=iphoneos*]" = "iPhone Developer";
				COPY_PHASE_STRIP = NO;
				DEBUG_INFORMATION_FORMAT = "dwarf-with-dsym";
				ENABLE_NS_ASSERTIONS = NO;
				ENABLE_STRICT_OBJC_MSGSEND = YES;
				GCC_C_LANGUAGE_STANDARD = gnu99;
				GCC_NO_COMMON_BLOCKS = YES;
				GCC_WARN_64_TO_32_BIT_CONVERSION = YES;
				GCC_WARN_ABOUT_RETURN_TYPE = YES_ERROR;
				GCC_WARN_UNDECLARED_SELECTOR = YES;
				GCC_WARN_UNINITIALIZED_AUTOS = YES_AGGRESSIVE;
				GCC_WARN_UNUSED_FUNCTION = YES;
				GCC_WARN_UNUSED_VARIABLE = YES;
				IPHONEOS_DEPLOYMENT_TARGET = 10.2;
				MTL_ENABLE_DEBUG_INFO = NO;
				SDKROOT = iphoneos;
				SWIFT_OPTIMIZATION_LEVEL = "-Owholemodule";
				TARGETED_DEVICE_FAMILY = "1,2";
				VALIDATE_PRODUCT = YES;
			};
			name = Release;
		};
		424709EF1E6F1DCD0034CE59 /* Debug */ = {
			isa = XCBuildConfiguration;
			buildSettings = {
				ASSETCATALOG_COMPILER_APPICON_NAME = AppIcon;
				INFOPLIST_FILE = LucyPet/Info.plist;
				LD_RUNPATH_SEARCH_PATHS = "$(inherited) @executable_path/Frameworks";
				PRODUCT_BUNDLE_IDENTIFIER = edu.uchicago.jagoldman.LucyPet;
				PRODUCT_NAME = "$(TARGET_NAME)";
				SWIFT_VERSION = 3.0;
			};
			name = Debug;
		};
		424709F01E6F1DCD0034CE59 /* Release */ = {
			isa = XCBuildConfiguration;
			buildSettings = {
				ASSETCATALOG_COMPILER_APPICON_NAME = AppIcon;
				INFOPLIST_FILE = LucyPet/Info.plist;
				LD_RUNPATH_SEARCH_PATHS = "$(inherited) @executable_path/Frameworks";
				PRODUCT_BUNDLE_IDENTIFIER = edu.uchicago.jagoldman.LucyPet;
				PRODUCT_NAME = "$(TARGET_NAME)";
				SWIFT_VERSION = 3.0;
			};
			name = Release;
		};
/* End XCBuildConfiguration section */

/* Begin XCConfigurationList section */
		424709D51E6F1DCC0034CE59 /* Build configuration list for PBXProject "LucyPet" */ = {
			isa = XCConfigurationList;
			buildConfigurations = (
				424709EC1E6F1DCD0034CE59 /* Debug */,
				424709ED1E6F1DCD0034CE59 /* Release */,
			);
			defaultConfigurationIsVisible = 0;
			defaultConfigurationName = Release;
		};
		424709EE1E6F1DCD0034CE59 /* Build configuration list for PBXNativeTarget "LucyPet" */ = {
			isa = XCConfigurationList;
			buildConfigurations = (
				424709EF1E6F1DCD0034CE59 /* Debug */,
				424709F01E6F1DCD0034CE59 /* Release */,
			);
			defaultConfigurationIsVisible = 0;
		};
/* End XCConfigurationList section */
	};
	rootObject = 424709D21E6F1DCC0034CE59 /* Project object */;
}
